
Microsoft Visual Studio Solution File, Format Version 12.00
# Visual Studio Version 16
VisualStudioVersion = 16.0.31515.178
MinimumVisualStudioVersion = 10.0.40219.1
Project("{9A19103F-16F7-4668-BE54-9A1E7A4F7556}") = "AngularProject", "AngularProject\AngularProject.csproj", "{0688D8D9-7BB2-4CFF-A8F8-13E48C399E0A}"
EndProject
Project("{9A19103F-16F7-4668-BE54-9A1E7A4F7556}") = "AngularProject.DAL", "AngularProject.DAL\AngularProject.DAL.csproj", "{3AC36A0B-56A8-4039-9B8A-E24544C484CA}"
EndProject
Project("{9A19103F-16F7-4668-BE54-9A1E7A4F7556}") = "AngularProject.Services", "AngularProject.Services\AngularProject.Services.csproj", "{A1A62909-552A-422B-BF81-AA0C4F2A91C6}"
EndProject
Global
	GlobalSection(SolutionConfigurationPlatforms) = preSolution
		Debug|Any CPU = Debug|Any CPU
		Release|Any CPU = Release|Any CPU
	EndGlobalSection
	GlobalSection(ProjectConfigurationPlatforms) = postSolution
		{0688D8D9-7BB2-4CFF-A8F8-13E48C399E0A}.Debug|Any CPU.ActiveCfg = Debug|Any CPU
		{0688D8D9-7BB2-4CFF-A8F8-13E48C399E0A}.Debug|Any CPU.Build.0 = Debug|Any CPU
		{0688D8D9-7BB2-4CFF-A8F8-13E48C399E0A}.Release|Any CPU.ActiveCfg = Release|Any CPU
		{0688D8D9-7BB2-4CFF-A8F8-13E48C399E0A}.Release|Any CPU.Build.0 = Release|Any CPU
		{3AC36A0B-56A8-4039-9B8A-E24544C484CA}.Debug|Any CPU.ActiveCfg = Debug|Any CPU
		{3AC36A0B-56A8-4039-9B8A-E24544C484CA}.Debug|Any CPU.Build.0 = Debug|Any CPU
		{3AC36A0B-56A8-4039-9B8A-E24544C484CA}.Release|Any CPU.ActiveCfg = Release|Any CPU
		{3AC36A0B-56A8-4039-9B8A-E24544C484CA}.Release|Any CPU.Build.0 = Release|Any CPU
		{A1A62909-552A-422B-BF81-AA0C4F2A91C6}.Debug|Any CPU.ActiveCfg = Debug|Any CPU
		{A1A62909-552A-422B-BF81-AA0C4F2A91C6}.Debug|Any CPU.Build.0 = Debug|Any CPU
		{A1A62909-552A-422B-BF81-AA0C4F2A91C6}.Release|Any CPU.ActiveCfg = Release|Any CPU
		{A1A62909-552A-422B-BF81-AA0C4F2A91C6}.Release|Any CPU.Build.0 = Release|Any CPU
	EndGlobalSection
	GlobalSection(SolutionProperties) = preSolution
		HideSolutionNode = FALSE
	EndGlobalSection
	GlobalSection(ExtensibilityGlobals) = postSolution
		SolutionGuid = {4A91FAC7-EBA4-4E95-9239-046700B8D974}
	EndGlobalSection
EndGlobal
